
Microsoft Visual Studio Solution File, Format Version 12.00
Project("{FAE04EC0-301F-11D3-BF4B-00C04F79EFBC}") = "CodeGenerator", "src\CodeGenerator\CodeGenerator.csproj", "{38A859E5-5818-478C-A5A3-B26B2841C101}"
EndProject
Project("{FAE04EC0-301F-11D3-BF4B-00C04F79EFBC}") = "CodeGenerator.UnitTests", "tests\CodeGenerator.UnitTests\CodeGenerator.UnitTests.csproj", "{B9345C01-3737-4B47-BC7F-92178FB5E77B}"
EndProject
Project("{2150E333-8FDC-42A3-9474-1A3956D46DE8}") = "src", "src", "{C58646B8-4B1D-4267-A324-F483703C3A57}"
EndProject
Project("{2150E333-8FDC-42A3-9474-1A3956D46DE8}") = "tests", "tests", "{7C164D7F-8EF1-457C-9659-D02DD231D79B}"
EndProject
Project("{FAE04EC0-301F-11D3-BF4B-00C04F79EFBC}") = "DotNetTool", "src\DotNetTool\DotNetTool.csproj", "{247B71FB-FA8C-4B91-9E31-B240FC1E0A24}"
EndProject
Global
	GlobalSection(SolutionConfigurationPlatforms) = preSolution
		Debug|Any CPU = Debug|Any CPU
		Release|Any CPU = Release|Any CPU
	EndGlobalSection
	GlobalSection(ProjectConfigurationPlatforms) = postSolution
		{38A859E5-5818-478C-A5A3-B26B2841C101}.Debug|Any CPU.ActiveCfg = Debug|Any CPU
		{38A859E5-5818-478C-A5A3-B26B2841C101}.Debug|Any CPU.Build.0 = Debug|Any CPU
		{38A859E5-5818-478C-A5A3-B26B2841C101}.Release|Any CPU.ActiveCfg = Release|Any CPU
		{38A859E5-5818-478C-A5A3-B26B2841C101}.Release|Any CPU.Build.0 = Release|Any CPU
		{B9345C01-3737-4B47-BC7F-92178FB5E77B}.Debug|Any CPU.ActiveCfg = Debug|Any CPU
		{B9345C01-3737-4B47-BC7F-92178FB5E77B}.Debug|Any CPU.Build.0 = Debug|Any CPU
		{B9345C01-3737-4B47-BC7F-92178FB5E77B}.Release|Any CPU.ActiveCfg = Release|Any CPU
		{B9345C01-3737-4B47-BC7F-92178FB5E77B}.Release|Any CPU.Build.0 = Release|Any CPU
		{247B71FB-FA8C-4B91-9E31-B240FC1E0A24}.Debug|Any CPU.ActiveCfg = Debug|Any CPU
		{247B71FB-FA8C-4B91-9E31-B240FC1E0A24}.Debug|Any CPU.Build.0 = Debug|Any CPU
		{247B71FB-FA8C-4B91-9E31-B240FC1E0A24}.Release|Any CPU.ActiveCfg = Release|Any CPU
		{247B71FB-FA8C-4B91-9E31-B240FC1E0A24}.Release|Any CPU.Build.0 = Release|Any CPU
	EndGlobalSection
	GlobalSection(NestedProjects) = preSolution
		{38A859E5-5818-478C-A5A3-B26B2841C101} = {C58646B8-4B1D-4267-A324-F483703C3A57}
		{B9345C01-3737-4B47-BC7F-92178FB5E77B} = {7C164D7F-8EF1-457C-9659-D02DD231D79B}
		{247B71FB-FA8C-4B91-9E31-B240FC1E0A24} = {C58646B8-4B1D-4267-A324-F483703C3A57}
	EndGlobalSection
EndGlobal
